{
  "lockfileVersion": 1,
  "configVersion": 1,
  "workspaces": {
    "": {
      "name": "ai-cli",
      "dependencies": {
        "@ai-sdk/anthropic": "^3.0.39",
        "@ai-sdk/cohere": "^3.0.19",
        "@ai-sdk/deepseek": "^2.0.18",
        "@ai-sdk/google": "^3.0.23",
        "@ai-sdk/groq": "^3.0.22",
        "@ai-sdk/mistral": "^3.0.19",
        "@ai-sdk/openai": "^3.0.26",
        "@ai-sdk/perplexity": "^3.0.18",
        "@ai-sdk/xai": "^3.0.49",
        "@openrouter/ai-sdk-provider": "^2.2.1",
        "ai": "^6.0.78",
        "ai-sdk-ollama": "^3.5.0",
        "commander": "^14.0.3",
        "radash": "^12.1.1",
        "zod": "^4.3.6",
      },
      "devDependencies": {
        "@types/bun": "latest",
      },
      "peerDependencies": {
        "typescript": "^5",
      },
    },
  },
  "packages": {
    "@ai-sdk/anthropic": ["@ai-sdk/anthropic@3.0.39", "", { "dependencies": { "@ai-sdk/provider": "3.0.8", "@ai-sdk/provider-utils": "4.0.14" }, "peerDependencies": { "zod": "^3.25.76 || ^4.1.8" } }, "sha512-OZXS78H3hgJ31YVlNCLQcM67D7hP5vQyDBGVwBuE20FopQqTRSAQY1nMBPe6aUzuoNthTfROIXtIqqX9Fv65Ww=="],

    "@ai-sdk/cohere": ["@ai-sdk/cohere@3.0.19", "", { "dependencies": { "@ai-sdk/provider": "3.0.8", "@ai-sdk/provider-utils": "4.0.14" }, "peerDependencies": { "zod": "^3.25.76 || ^4.1.8" } }, "sha512-la08+g1Gz4x32L57hLc2tUo5OTJJvzXV10Nc8g293c3lwVwaRiucV7LBUbH0lLOeYxcT1AdWZZ7k857MIRnfoA=="],

    "@ai-sdk/deepseek": ["@ai-sdk/deepseek@2.0.18", "", { "dependencies": { "@ai-sdk/provider": "3.0.8", "@ai-sdk/provider-utils": "4.0.14" }, "peerDependencies": { "zod": "^3.25.76 || ^4.1.8" } }, "sha512-AwtmFm7acnCsz3z82Yu5QKklSZz+cBwtxrc2hbw47tPF/38xr1zX3Vf/pP627EHwWkLV18UWivIxg0SHPP2w3A=="],

    "@ai-sdk/gateway": ["@ai-sdk/gateway@3.0.39", "", { "dependencies": { "@ai-sdk/provider": "3.0.8", "@ai-sdk/provider-utils": "4.0.14", "@vercel/oidc": "3.1.0" }, "peerDependencies": { "zod": "^3.25.76 || ^4.1.8" } }, "sha512-SeCZBAdDNbWpVUXiYgOAqis22p5MEYfrjRw0hiBa5hM+7sDGYQpMinUjkM8kbPXMkY+AhKLrHleBl+SuqpzlgA=="],

    "@ai-sdk/google": ["@ai-sdk/google@3.0.23", "", { "dependencies": { "@ai-sdk/provider": "3.0.8", "@ai-sdk/provider-utils": "4.0.14" }, "peerDependencies": { "zod": "^3.25.76 || ^4.1.8" } }, "sha512-/fV5KKw73+Vqcw/SwlNsdzJytTY3mlPrrba69gIbU4GmY4KtFkNZ0EGxNCMb3uFkq9Ba2GQ5vYHnUkhCftY8Eg=="],

    "@ai-sdk/groq": ["@ai-sdk/groq@3.0.22", "", { "dependencies": { "@ai-sdk/provider": "3.0.8", "@ai-sdk/provider-utils": "4.0.14" }, "peerDependencies": { "zod": "^3.25.76 || ^4.1.8" } }, "sha512-QBkqBmlts2qz2vX54gXeP9IdztMFxZw7xPNwjOjHYhEL7RynzB2aFafPIbAYTVNosrU0YEETxhw9LISjS2TtXw=="],

    "@ai-sdk/mistral": ["@ai-sdk/mistral@3.0.19", "", { "dependencies": { "@ai-sdk/provider": "3.0.8", "@ai-sdk/provider-utils": "4.0.14" }, "peerDependencies": { "zod": "^3.25.76 || ^4.1.8" } }, "sha512-yd0OJ3fm2YKdwxh1pd9m720sENVVcylAD+Bki8C80QqVpUxGNL1/C4N4JJGb56eCCWr6VU/3gHFe9PKui9n/Hg=="],

    "@ai-sdk/openai": ["@ai-sdk/openai@3.0.26", "", { "dependencies": { "@ai-sdk/provider": "3.0.8", "@ai-sdk/provider-utils": "4.0.14" }, "peerDependencies": { "zod": "^3.25.76 || ^4.1.8" } }, "sha512-W/hiwxIfG29IO0Fob1HwWpFssMsNrxWoX8A7DwNGOtKArDBmJNuGzQeU/k0Fnh8WyvZEnfxkjO4oXkSXfVBayg=="],

    "@ai-sdk/openai-compatible": ["@ai-sdk/openai-compatible@2.0.28", "", { "dependencies": { "@ai-sdk/provider": "3.0.8", "@ai-sdk/provider-utils": "4.0.14" }, "peerDependencies": { "zod": "^3.25.76 || ^4.1.8" } }, "sha512-WzDnU0B13FMSSupDtm2lksFZvWGXnOfhG5S0HoPI0pkX5uVkr6N1UTATMyVaxLCG0MRkMhXCjkg4NXgEbb330Q=="],

    "@ai-sdk/perplexity": ["@ai-sdk/perplexity@3.0.18", "", { "dependencies": { "@ai-sdk/provider": "3.0.8", "@ai-sdk/provider-utils": "4.0.14" }, "peerDependencies": { "zod": "^3.25.76 || ^4.1.8" } }, "sha512-NZXb9EESGwqxfSA0z5lATpLzqSzkdO2qDvYh3o9m8k4YQp4HWqBxRxEaNfDygAAtmZkEH+StnqP2ZT3Z/+GRxw=="],

    "@ai-sdk/provider": ["@ai-sdk/provider@3.0.8", "", { "dependencies": { "json-schema": "^0.4.0" } }, "sha512-oGMAgGoQdBXbZqNG0Ze56CHjDZ1IDYOwGYxYjO5KLSlz5HiNQ9udIXsPZ61VWaHGZ5XW/jyjmr6t2xz2jGVwbQ=="],

    "@ai-sdk/provider-utils": ["@ai-sdk/provider-utils@4.0.14", "", { "dependencies": { "@ai-sdk/provider": "3.0.8", "@standard-schema/spec": "^1.1.0", "eventsource-parser": "^3.0.6" }, "peerDependencies": { "zod": "^3.25.76 || ^4.1.8" } }, "sha512-7bzKd9lgiDeXM7O4U4nQ8iTxguAOkg8LZGD9AfDVZYjO5cKYRwBPwVjboFcVrxncRHu0tYxZtXZtiLKpG4pEng=="],

    "@ai-sdk/xai": ["@ai-sdk/xai@3.0.49", "", { "dependencies": { "@ai-sdk/openai-compatible": "2.0.28", "@ai-sdk/provider": "3.0.8", "@ai-sdk/provider-utils": "4.0.14" }, "peerDependencies": { "zod": "^3.25.76 || ^4.1.8" } }, "sha512-Jvv+uRj3mzSwFk4dMPLtRWUNeNxMbOTgDxOPRtTo/WtRMNS3O957hF6/tncDoUdLYFns+CdtaKBmxwZ8ske++g=="],

    "@openrouter/ai-sdk-provider": ["@openrouter/ai-sdk-provider@2.2.1", "", { "peerDependencies": { "ai": "^6.0.0", "zod": "^3.25.0 || ^4.0.0" } }, "sha512-VjTSNTDIymAJsyIWw4+qPCMuezCS1kJCQwrPjszaNI+ZIo8PbIHTWNc2Y5pYO+ymYbOXKEvedFZxXsEkytOJSA=="],

    "@opentelemetry/api": ["@opentelemetry/api@1.9.0", "", {}, "sha512-3giAOQvZiH5F9bMlMiv8+GSPMeqg0dbaeo58/0SlA9sxSqZhnUtxzX9/2FzyhS9sWQf5S0GJE0AKBrFqjpeYcg=="],

    "@standard-schema/spec": ["@standard-schema/spec@1.1.0", "", {}, "sha512-l2aFy5jALhniG5HgqrD6jXLi/rUWrKvqN/qJx6yoJsgKhblVd+iqqU4RCXavm/jPityDo5TCvKMnpjKnOriy0w=="],

    "@types/bun": ["@types/bun@1.3.8", "", { "dependencies": { "bun-types": "1.3.8" } }, "sha512-3LvWJ2q5GerAXYxO2mffLTqOzEu5qnhEAlh48Vnu8WQfnmSwbgagjGZV6BoHKJztENYEDn6QmVd949W4uESRJA=="],

    "@types/node": ["@types/node@25.2.2", "", { "dependencies": { "undici-types": "~7.16.0" } }, "sha512-BkmoP5/FhRYek5izySdkOneRyXYN35I860MFAGupTdebyE66uZaR+bXLHq8k4DirE5DwQi3NuhvRU1jqTVwUrQ=="],

    "@vercel/oidc": ["@vercel/oidc@3.1.0", "", {}, "sha512-Fw28YZpRnA3cAHHDlkt7xQHiJ0fcL+NRcIqsocZQUSmbzeIKRpwttJjik5ZGanXP+vlA4SbTg+AbA3bP363l+w=="],

    "ai": ["ai@6.0.78", "", { "dependencies": { "@ai-sdk/gateway": "3.0.39", "@ai-sdk/provider": "3.0.8", "@ai-sdk/provider-utils": "4.0.14", "@opentelemetry/api": "1.9.0" }, "peerDependencies": { "zod": "^3.25.76 || ^4.1.8" } }, "sha512-eriIX/NLWfWNDeE/OJy8wmIp9fyaH7gnxTOCPT5bp0MNkvORstp1TwRUql9au8XjXzH7o2WApqbwgxJDDV0Rbw=="],

    "ai-sdk-ollama": ["ai-sdk-ollama@3.5.0", "", { "dependencies": { "@ai-sdk/provider": "^3.0.8", "@ai-sdk/provider-utils": "^4.0.14", "ollama": "^0.6.3" }, "peerDependencies": { "ai": "^6.0.77" } }, "sha512-G7cD0AEz3MJ3kGuhotDnscH2YnlX2gEdIuY7Y3A4fFxhocEsvS6bAiyO2A4EcPVEa5a6iniJaYTlqDKVXPis4Q=="],

    "bun-types": ["bun-types@1.3.8", "", { "dependencies": { "@types/node": "*" } }, "sha512-fL99nxdOWvV4LqjmC+8Q9kW3M4QTtTR1eePs94v5ctGqU8OeceWrSUaRw3JYb7tU3FkMIAjkueehrHPPPGKi5Q=="],

    "commander": ["commander@14.0.3", "", {}, "sha512-H+y0Jo/T1RZ9qPP4Eh1pkcQcLRglraJaSLoyOtHxu6AapkjWVCy2Sit1QQ4x3Dng8qDlSsZEet7g5Pq06MvTgw=="],

    "eventsource-parser": ["eventsource-parser@3.0.6", "", {}, "sha512-Vo1ab+QXPzZ4tCa8SwIHJFaSzy4R6SHf7BY79rFBDf0idraZWAkYrDjDj8uWaSm3S2TK+hJ7/t1CEmZ7jXw+pg=="],

    "json-schema": ["json-schema@0.4.0", "", {}, "sha512-es94M3nTIfsEPisRafak+HDLfHXnKBhV3vU5eqPcS3flIWqcxJWgXHXiey3YrpaNsanY5ei1VoYEbOzijuq9BA=="],

    "ollama": ["ollama@0.6.3", "", { "dependencies": { "whatwg-fetch": "^3.6.20" } }, "sha512-KEWEhIqE5wtfzEIZbDCLH51VFZ6Z3ZSa6sIOg/E/tBV8S51flyqBOXi+bRxlOYKDf8i327zG9eSTb8IJxvm3Zg=="],

    "radash": ["radash@12.1.1", "", {}, "sha512-h36JMxKRqrAxVD8201FrCpyeNuUY9Y5zZwujr20fFO77tpUtGa6EZzfKw/3WaiBX95fq7+MpsuMLNdSnORAwSA=="],

    "typescript": ["typescript@5.9.3", "", { "bin": { "tsc": "bin/tsc", "tsserver": "bin/tsserver" } }, "sha512-jl1vZzPDinLr9eUt3J/t7V6FgNEw9QjvBPdysz9KfQDD41fQrC2Y4vKQdiaUpFT4bXlb1RHhLpp8wtm6M5TgSw=="],

    "undici-types": ["undici-types@7.16.0", "", {}, "sha512-Zz+aZWSj8LE6zoxD+xrjh4VfkIG8Ya6LvYkZqtUQGJPZjYl53ypCaUwWqo7eI0x66KBGeRo+mlBEkMSeSZ38Nw=="],

    "whatwg-fetch": ["whatwg-fetch@3.6.20", "", {}, "sha512-EqhiFU6daOA8kpjOWTL0olhVOF3i7OrFzSYiGsEMB8GcXS+RrzauAERX65xMeNWVqxA6HXH2m69Z9LaKKdisfg=="],

    "zod": ["zod@4.3.6", "", {}, "sha512-rftlrkhHZOcjDwkGlnUtZZkvaPHCsDATp4pGpuOOMDaTdDDXF91wuVDJoWoPsKX/3YPQ5fHuF3STjcYyKr+Qhg=="],
  }
}
